{
  "name": "steamcmd-api-node",
  "version": "0.0.1",
  "lockfileVersion": 2,
  "requires": true,
  "packages": {
    "": {
      "name": "steamcmd-api-node",
      "version": "0.0.1",
      "license": "MIT",
      "dependencies": {
        "@node-steam/vdf": "^2.2.0",
        "dotenv": "^16.0.1",
        "node-pty": "^0.10.1",
        "strip-ansi": "^7.0.1"
      },
      "devDependencies": {
        "@types/node": "^18.0.6"
      }
    },
    "node_modules/@node-steam/vdf": {
      "version": "2.2.0",
      "resolved": "https://registry.npmjs.org/@node-steam/vdf/-/vdf-2.2.0.tgz",
      "integrity": "sha512-YCfIPsIpyrtOP5AdsarjPqjTElVFrXJlWedWNzjCaIeam06v9ebYgApRAcw9b93awNDboTEiHFMnCvlJJHqKcA==",
      "engines": {
        "node": ">=8.0.0"
      }
    },
    "node_modules/@types/node": {
      "version": "18.0.6",
      "resolved": "https://registry.npmjs.org/@types/node/-/node-18.0.6.tgz",
      "integrity": "sha512-/xUq6H2aQm261exT6iZTMifUySEt4GR5KX8eYyY+C4MSNPqSh9oNIP7tz2GLKTlFaiBbgZNxffoR3CVRG+cljw==",
      "dev": true
    },
    "node_modules/ansi-regex": {
      "version": "6.0.1",
      "resolved": "https://registry.npmjs.org/ansi-regex/-/ansi-regex-6.0.1.tgz",
      "integrity": "sha512-n5M855fKb2SsfMIiFFoVrABHJC8QtHwVx+mHWP3QcEqBHYienj5dHSgjbxtC0WEZXYt4wcD6zrQElDPhFuZgfA==",
      "engines": {
        "node": ">=12"
      },
      "funding": {
        "url": "https://github.com/chalk/ansi-regex?sponsor=1"
      }
    },
    "node_modules/dotenv": {
      "version": "16.0.1",
      "resolved": "https://registry.npmjs.org/dotenv/-/dotenv-16.0.1.tgz",
      "integrity": "sha512-1K6hR6wtk2FviQ4kEiSjFiH5rpzEVi8WW0x96aztHVMhEspNpc4DVOUTEHtEva5VThQ8IaBX1Pe4gSzpVVUsKQ==",
      "engines": {
        "node": ">=12"
      }
    },
    "node_modules/nan": {
      "version": "2.16.0",
      "resolved": "https://registry.npmjs.org/nan/-/nan-2.16.0.tgz",
      "integrity": "sha512-UdAqHyFngu7TfQKsCBgAA6pWDkT8MAO7d0jyOecVhN5354xbLqdn8mV9Tat9gepAupm0bt2DbeaSC8vS52MuFA=="
    },
    "node_modules/node-pty": {
      "version": "0.10.1",
      "resolved": "https://registry.npmjs.org/node-pty/-/node-pty-0.10.1.tgz",
      "integrity": "sha512-JTdtUS0Im/yRsWJSx7yiW9rtpfmxqxolrtnyKwPLI+6XqTAPW/O2MjS8FYL4I5TsMbH2lVgDb2VMjp+9LoQGNg==",
      "hasInstallScript": true,
      "dependencies": {
        "nan": "^2.14.0"
      }
    },
    "node_modules/strip-ansi": {
      "version": "7.0.1",
      "resolved": "https://registry.npmjs.org/strip-ansi/-/strip-ansi-7.0.1.tgz",
      "integrity": "sha512-cXNxvT8dFNRVfhVME3JAe98mkXDYN2O1l7jmcwMnOslDeESg1rF/OZMtK0nRAhiari1unG5cD4jG3rapUAkLbw==",
      "dependencies": {
        "ansi-regex": "^6.0.1"
      },
      "engines": {
        "node": ">=12"
      },
      "funding": {
        "url": "https://github.com/chalk/strip-ansi?sponsor=1"
      }
    }
  },
  "dependencies": {
    "@node-steam/vdf": {
      "version": "2.2.0",
      "resolved": "https://registry.npmjs.org/@node-steam/vdf/-/vdf-2.2.0.tgz",
      "integrity": "sha512-YCfIPsIpyrtOP5AdsarjPqjTElVFrXJlWedWNzjCaIeam06v9ebYgApRAcw9b93awNDboTEiHFMnCvlJJHqKcA=="
    },
    "@types/node": {
      "version": "18.0.6",
      "resolved": "https://registry.npmjs.org/@types/node/-/node-18.0.6.tgz",
      "integrity": "sha512-/xUq6H2aQm261exT6iZTMifUySEt4GR5KX8eYyY+C4MSNPqSh9oNIP7tz2GLKTlFaiBbgZNxffoR3CVRG+cljw==",
      "dev": true
    },
    "ansi-regex": {
      "version": "6.0.1",
      "resolved": "https://registry.npmjs.org/ansi-regex/-/ansi-regex-6.0.1.tgz",
      "integrity": "sha512-n5M855fKb2SsfMIiFFoVrABHJC8QtHwVx+mHWP3QcEqBHYienj5dHSgjbxtC0WEZXYt4wcD6zrQElDPhFuZgfA=="
    },
    "dotenv": {
      "version": "16.0.1",
      "resolved": "https://registry.npmjs.org/dotenv/-/dotenv-16.0.1.tgz",
      "integrity": "sha512-1K6hR6wtk2FviQ4kEiSjFiH5rpzEVi8WW0x96aztHVMhEspNpc4DVOUTEHtEva5VThQ8IaBX1Pe4gSzpVVUsKQ=="
    },
    "nan": {
      "version": "2.16.0",
      "resolved": "https://registry.npmjs.org/nan/-/nan-2.16.0.tgz",
      "integrity": "sha512-UdAqHyFngu7TfQKsCBgAA6pWDkT8MAO7d0jyOecVhN5354xbLqdn8mV9Tat9gepAupm0bt2DbeaSC8vS52MuFA=="
    },
    "node-pty": {
      "version": "0.10.1",
      "resolved": "https://registry.npmjs.org/node-pty/-/node-pty-0.10.1.tgz",
      "integrity": "sha512-JTdtUS0Im/yRsWJSx7yiW9rtpfmxqxolrtnyKwPLI+6XqTAPW/O2MjS8FYL4I5TsMbH2lVgDb2VMjp+9LoQGNg==",
      "requires": {
        "nan": "^2.14.0"
      }
    },
    "strip-ansi": {
      "version": "7.0.1",
      "resolved": "https://registry.npmjs.org/strip-ansi/-/strip-ansi-7.0.1.tgz",
      "integrity": "sha512-cXNxvT8dFNRVfhVME3JAe98mkXDYN2O1l7jmcwMnOslDeESg1rF/OZMtK0nRAhiari1unG5cD4jG3rapUAkLbw==",
      "requires": {
        "ansi-regex": "^6.0.1"
      }
    }
  }
}
